# This file is generated by running "yarn install" inside your project.
# Manual changes might be lost - proceed with caution!

__metadata:
  version: 6
  cacheKey: 8

"@civ-clone/base-civilization-american@npm:^0.1.0":
  version: 0.1.1
  resolution: "@civ-clone/base-civilization-american@npm:0.1.1"
  dependencies:
    "@civ-clone/core-civilization": ^0.1.0
  checksum: a24d5f8ed9c8d7c298e54c5710973b7c5dda7c02608de4c13a17b72e8826c5ee0aa1f2352f5419d1b0253c66d1a5e3763e3e473f03bd42720044c3f7231a2dde
  languageName: node
  linkType: hard

"@civ-clone/base-civilization-aztec@npm:^0.1.0":
  version: 0.1.1
  resolution: "@civ-clone/base-civilization-aztec@npm:0.1.1"
  dependencies:
    "@civ-clone/core-civilization": ^0.1.0
  checksum: c6ef2f1fe6fe884fc00732761ff14108e98310111420c95b9612daf50f1ac5a312bc629a969d4749026ebe73a73111145137fa1035f575800468ff3df50533c8
  languageName: node
  linkType: hard

"@civ-clone/base-civilization-babylonian@npm:^0.1.0":
  version: 0.1.1
  resolution: "@civ-clone/base-civilization-babylonian@npm:0.1.1"
  dependencies:
    "@civ-clone/core-civilization": ^0.1.0
  checksum: 9a98bac5d54ce7281b016ddbd39cfe4db904d437a98c49327b608d58f63bb1e82a4f2a35dcdfbc46313b99e4ebfcba72ce0b09ad7f517c71d50a5677ed720d41
  languageName: node
  linkType: hard

"@civ-clone/base-civilization-chinese@npm:^0.1.0":
  version: 0.1.1
  resolution: "@civ-clone/base-civilization-chinese@npm:0.1.1"
  dependencies:
    "@civ-clone/core-civilization": ^0.1.0
  checksum: 80145d38803d2dbc03a21adb7aaae27fa8efb98aad6e26ee93ad4688b1b5d42c7378405a53f09c72339c586517270136062dcbe6bdb911633e73d1dcd3e52c60
  languageName: node
  linkType: hard

"@civ-clone/base-civilization-egyptian@npm:^0.1.0":
  version: 0.1.1
  resolution: "@civ-clone/base-civilization-egyptian@npm:0.1.1"
  dependencies:
    "@civ-clone/core-civilization": ^0.1.0
  checksum: 39a3f3ba1a732e065be65662d50ebbe889e673dd8c6cffeee5eecc3b8c3c88ea0d3aafbef1a03939074b8b79e1531dcf874bc0ca2057e57801d8c2bd366f3fe0
  languageName: node
  linkType: hard

"@civ-clone/base-civilization-english@npm:^0.1.0":
  version: 0.1.1
  resolution: "@civ-clone/base-civilization-english@npm:0.1.1"
  dependencies:
    "@civ-clone/core-civilization": ^0.1.0
  checksum: fa5e7823cda9df83625c9a71c5bb0c2e1dde4e44a9255dce266206ab44742cebabf7e66d994985f44627abd7d2880ff5fa4566062db4d5a59b83693658b4c3b9
  languageName: node
  linkType: hard

"@civ-clone/base-civilization-french@npm:^0.1.0":
  version: 0.1.1
  resolution: "@civ-clone/base-civilization-french@npm:0.1.1"
  dependencies:
    "@civ-clone/core-civilization": ^0.1.0
  checksum: 4678a53debe6f389e4a689948c69a0d7809733624a4baa6dc03c480de99916e7bcd0aa146385e9f577f373e3f4e401963ed186e1abab394942216c14617ca58b
  languageName: node
  linkType: hard

"@civ-clone/base-civilization-german@npm:^0.1.0":
  version: 0.1.1
  resolution: "@civ-clone/base-civilization-german@npm:0.1.1"
  dependencies:
    "@civ-clone/core-civilization": ^0.1.0
  checksum: 8b7691fbc91fe037b0062dcef7f703d7dc501868422ecc5d6ddff0a658fc65a1a7eff2f43f271eac8da3dea375889b7c5efc223c28d3f6737f121f89dbab43ee
  languageName: node
  linkType: hard

"@civ-clone/base-civilization-greek@npm:^0.1.0":
  version: 0.1.2
  resolution: "@civ-clone/base-civilization-greek@npm:0.1.2"
  dependencies:
    "@civ-clone/core-civilization": ^0.1.0
  checksum: 0aba278c89c7b4e0178af621754717af361ad2d5f3bffc1810dae28f5f52b1a3a3a21192d7402c296202fce2283162041a5e3918eb963df3cc1203516da1dc50
  languageName: node
  linkType: hard

"@civ-clone/base-civilization-indian@npm:^0.1.0":
  version: 0.1.2
  resolution: "@civ-clone/base-civilization-indian@npm:0.1.2"
  dependencies:
    "@civ-clone/core-civilization": ^0.1.0
  checksum: 6a640c4eed2badc7507ad60413428535d505521aa8177bc783652f9847115f0f674c6b43157ecad8a9603da13d119c518eb9feaea7c340890eced3580a45450b
  languageName: node
  linkType: hard

"@civ-clone/base-civilization-mongol@npm:^0.1.0":
  version: 0.1.1
  resolution: "@civ-clone/base-civilization-mongol@npm:0.1.1"
  dependencies:
    "@civ-clone/core-civilization": ^0.1.0
  checksum: 936de7f28147226ba3eba08246800e166565663ca303660183b7fce21e826b4c8f834e7e22f6bcc36e984872586b093191c18919feee1e04e450b73ea9b497fb
  languageName: node
  linkType: hard

"@civ-clone/base-civilization-roman@npm:^0.1.0":
  version: 0.1.2
  resolution: "@civ-clone/base-civilization-roman@npm:0.1.2"
  dependencies:
    "@civ-clone/core-civilization": ^0.1.0
  checksum: a4d38d31110041624b3d0343d258ba118e4663451bc4149c7b328d62c5220fd19311a27c3999cb5c4564f105599063e756e88adc993b358ff6825db4a310536f
  languageName: node
  linkType: hard

"@civ-clone/base-civilization-russian@npm:^0.1.0":
  version: 0.1.1
  resolution: "@civ-clone/base-civilization-russian@npm:0.1.1"
  dependencies:
    "@civ-clone/core-civilization": ^0.1.0
  checksum: 98b1fd6a71c668e4feb04071d33db992e77feeb36ff67823658cf7dfd541679d35b32e9025c772deb6df740f260875011156ea4ed8dc4dfad62618bb75d42e18
  languageName: node
  linkType: hard

"@civ-clone/base-civilization-zulu@npm:^0.1.0":
  version: 0.1.1
  resolution: "@civ-clone/base-civilization-zulu@npm:0.1.1"
  dependencies:
    "@civ-clone/core-civilization": ^0.1.0
  checksum: f76d4b28435cc71b96598633fb124ad43a9e08b6f0d21f96b9e6b99fed8b01e9caba160faf160744f2a6ba14ce48bc73e22ba67a0f8eb06552c1bc1dcae225ba
  languageName: node
  linkType: hard

"@civ-clone/base-leader-trait-aggression@npm:^0.1.0":
  version: 0.1.0
  resolution: "@civ-clone/base-leader-trait-aggression@npm:0.1.0"
  dependencies:
    "@civ-clone/core-civilization": ^0.1.0
  checksum: f5388f647027443334431728cf1c1ae439826cf555773dff83009e1ddf1550817ddac0a329ca47253762c010d2d054bfb533af181cb3ae22b1ace6fbac8b1b3a
  languageName: node
  linkType: hard

"@civ-clone/base-leader-trait-development@npm:^0.1.0":
  version: 0.1.0
  resolution: "@civ-clone/base-leader-trait-development@npm:0.1.0"
  dependencies:
    "@civ-clone/core-civilization": ^0.1.0
  checksum: a696430eb81808fc3e0a282e54357636946fb04e7dd7e58691b548317dd2ba55b670d6fc37ee90ca602fad69d7548e818988f77f347f2ccfe3720ae2f057dd5d
  languageName: node
  linkType: hard

"@civ-clone/base-leader-trait-militarism@npm:^0.1.0":
  version: 0.1.0
  resolution: "@civ-clone/base-leader-trait-militarism@npm:0.1.0"
  dependencies:
    "@civ-clone/core-civilization": ^0.1.0
  checksum: c2352e2ffbc738900d9736efee3f49403b21372a7584375b9b4c529343552c9e425bb36c0305f25d905e4b7f74b62354549ed93292cdf68ca5a4d9a626687fc3
  languageName: node
  linkType: hard

"@civ-clone/civ1-civilization@workspace:.":
  version: 0.0.0-use.local
  resolution: "@civ-clone/civ1-civilization@workspace:."
  dependencies:
    "@civ-clone/core-civilization": ^0.1.0
    "@civ-clone/library-civilization": ^0.1.0
    "@types/node": ^14.11.2
    prettier: ^2.1.2
    typescript: ^4.0.3
  languageName: unknown
  linkType: soft

"@civ-clone/core-civilization@npm:^0.1.0":
  version: 0.1.3
  resolution: "@civ-clone/core-civilization@npm:0.1.3"
  dependencies:
    "@civ-clone/core-data-object": ^0.1.0
    "@civ-clone/core-registry": ^0.1.0
    "@civ-clone/core-yield": ^0.1.0
  checksum: 60943d307362aaa3eeabccb04621c9a6e20ff3c1d9c64b9a5b5a80f2bc0d661001c646d3351d925458a58704c266f7266e24e05cc72de1576271cede8808674f
  languageName: node
  linkType: hard

"@civ-clone/core-data-object@npm:^0.1.0":
  version: 0.1.9
  resolution: "@civ-clone/core-data-object@npm:0.1.9"
  dependencies:
    "@civ-clone/core-registry": ^0.1.0
  checksum: 4d09ee7e1d638aeb2fa7ec35a739953ca50c4e53708adf57411f880106f0202397cdcd0f6c3809916ec383213771c2e832f35987e02a2a22d6885dcd0687ce09
  languageName: node
  linkType: hard

"@civ-clone/core-player@npm:^0.1.0, @civ-clone/core-player@npm:^0.1.6, @civ-clone/core-player@npm:^0.1.7":
  version: 0.1.7
  resolution: "@civ-clone/core-player@npm:0.1.7"
  dependencies:
    "@civ-clone/core-civilization": ^0.1.0
    "@civ-clone/core-data-object": ^0.1.0
    "@civ-clone/core-registry": ^0.1.0
    "@civ-clone/core-rule": ^0.1.0
    "@civ-clone/core-world": ^0.1.10
  checksum: f0f4696e039aae4c3b3a3487e7cc8b5e2d780af747a77c51cea20e1e502ee58f1f6571584b767c2f9a967a66b6d5d4e3f711e6c00aebfd2db690de7aced2f3b4
  languageName: node
  linkType: hard

"@civ-clone/core-registry@npm:^0.1.0":
  version: 0.1.1
  resolution: "@civ-clone/core-registry@npm:0.1.1"
  checksum: 9a4c9e05c90d3cae51c96587981cda472904f92cefa90ee726ddcf6eff0e4b36d63b20c8a1269820f2178021bd04077aed9aa9a1512bf4c5fd1f37b6b8ffdde5
  languageName: node
  linkType: hard

"@civ-clone/core-rule@npm:^0.1.0":
  version: 0.1.3
  resolution: "@civ-clone/core-rule@npm:0.1.3"
  dependencies:
    "@civ-clone/core-registry": ^0.1.0
  checksum: 53788b8d83ce01adcbde4e979c84f2d8e36e02009af7664a3342a50d3df83beb7e7e82ff5622b34a042b9555d4b9347ec8c59293a56712bca503cf3b10b86e29
  languageName: node
  linkType: hard

"@civ-clone/core-terrain@npm:^0.1.0":
  version: 0.1.2
  resolution: "@civ-clone/core-terrain@npm:0.1.2"
  dependencies:
    "@civ-clone/core-data-object": ^0.1.0
    "@civ-clone/core-registry": ^0.1.0
    "@civ-clone/core-rule": ^0.1.0
  checksum: f6228057898eea5d3dbecf06211e937e2504ec8e123afcf70e07f7768f867bbb0af62be41b0631901ef155f1033066103db0ad1ac04046c1343cfa9399a26bf2
  languageName: node
  linkType: hard

"@civ-clone/core-world-generator@npm:^0.1.0":
  version: 0.1.3
  resolution: "@civ-clone/core-world-generator@npm:0.1.3"
  dependencies:
    "@civ-clone/core-player": ^0.1.6
    "@civ-clone/core-registry": ^0.1.0
    "@civ-clone/core-rule": ^0.1.0
    "@civ-clone/core-terrain": ^0.1.0
    "@civ-clone/core-world": ^0.1.10
  checksum: 18114800d925ecf41c1b75c0336d70f89a1688834a94cb3b07b6e27fc1cc900b7f9e64391492107983d5901ca94466252179a384f53b1c1430cde9ef0521c941
  languageName: node
  linkType: hard

"@civ-clone/core-world@npm:^0.1.10":
  version: 0.1.10
  resolution: "@civ-clone/core-world@npm:0.1.10"
  dependencies:
    "@civ-clone/core-data-object": ^0.1.0
    "@civ-clone/core-player": ^0.1.0
    "@civ-clone/core-registry": ^0.1.0
    "@civ-clone/core-rule": ^0.1.0
    "@civ-clone/core-terrain": ^0.1.0
    "@civ-clone/core-world-generator": ^0.1.0
    "@civ-clone/core-yield": ^0.1.0
  checksum: cc59bc8ae73ced33d72c23f5874baa8d7309078315d8b12c1484b5a2b7f6a970f780b55690f07b90c93dbd691f84893002e6fd8bbce33d8095c2b08c3ca04849
  languageName: node
  linkType: hard

"@civ-clone/core-yield@npm:^0.1.0":
  version: 0.1.4
  resolution: "@civ-clone/core-yield@npm:0.1.4"
  dependencies:
    "@civ-clone/core-data-object": ^0.1.0
    "@civ-clone/core-registry": ^0.1.0
  checksum: 42ee571552acdc0bf039f98ef6b5b0b11b6f691a716eb027ecbc3f4215c63cb0db0793718dc08f1a27bc85accf39b67a834529eb17f5d4aab4d40e5df4e0e0a1
  languageName: node
  linkType: hard

"@civ-clone/library-civilization@npm:^0.1.0":
  version: 0.1.0
  resolution: "@civ-clone/library-civilization@npm:0.1.0"
  dependencies:
    "@civ-clone/base-civilization-american": ^0.1.0
    "@civ-clone/base-civilization-aztec": ^0.1.0
    "@civ-clone/base-civilization-babylonian": ^0.1.0
    "@civ-clone/base-civilization-chinese": ^0.1.0
    "@civ-clone/base-civilization-egyptian": ^0.1.0
    "@civ-clone/base-civilization-english": ^0.1.0
    "@civ-clone/base-civilization-french": ^0.1.0
    "@civ-clone/base-civilization-german": ^0.1.0
    "@civ-clone/base-civilization-greek": ^0.1.0
    "@civ-clone/base-civilization-indian": ^0.1.0
    "@civ-clone/base-civilization-mongol": ^0.1.0
    "@civ-clone/base-civilization-roman": ^0.1.0
    "@civ-clone/base-civilization-russian": ^0.1.0
    "@civ-clone/base-civilization-zulu": ^0.1.0
    "@civ-clone/base-leader-trait-aggression": ^0.1.0
    "@civ-clone/base-leader-trait-development": ^0.1.0
    "@civ-clone/base-leader-trait-militarism": ^0.1.0
    "@civ-clone/core-civilization": ^0.1.0
    "@civ-clone/core-player": ^0.1.7
  checksum: 2eb6a4a25bb72f0586ec7295a56357d48c23170613ddcd03154fd78d26870288b70ced2a7ecd8bbf2dce07aebb46c6eccb48b3c5754154edf91b57c77fb7d086
  languageName: node
  linkType: hard

"@types/node@npm:^14.11.2":
  version: 14.18.33
  resolution: "@types/node@npm:14.18.33"
  checksum: 4e23f95186d8ae1d38c999bc6b46fe94e790da88744b0a3bfeedcbd0d9ffe2cb0ff39e85f43014f6739e5270292c1a1f6f97a1fc606fd573a0c17fda9a1d42de
  languageName: node
  linkType: hard

"prettier@npm:^2.1.2":
  version: 2.8.7
  resolution: "prettier@npm:2.8.7"
  bin:
    prettier: bin-prettier.js
  checksum: fdc8f2616f099f5f0d685907f4449a70595a0fc1d081a88919604375989e0d5e9168d6121d8cc6861f21990b31665828e00472544d785d5940ea08a17660c3a6
  languageName: node
  linkType: hard

"typescript@npm:^4.0.3":
  version: 4.9.5
  resolution: "typescript@npm:4.9.5"
  bin:
    tsc: bin/tsc
    tsserver: bin/tsserver
  checksum: ee000bc26848147ad423b581bd250075662a354d84f0e06eb76d3b892328d8d4440b7487b5a83e851b12b255f55d71835b008a66cbf8f255a11e4400159237db
  languageName: node
  linkType: hard

"typescript@patch:typescript@^4.0.3#~builtin<compat/typescript>":
  version: 4.9.5
  resolution: "typescript@patch:typescript@npm%3A4.9.5#~builtin<compat/typescript>::version=4.9.5&hash=d73830"
  bin:
    tsc: bin/tsc
    tsserver: bin/tsserver
  checksum: 2eee5c37cad4390385db5db5a8e81470e42e8f1401b0358d7390095d6f681b410f2c4a0c496c6ff9ebd775423c7785cdace7bcdad76c7bee283df3d9718c0f20
  languageName: node
  linkType: hard
