# THIS IS AN AUTOGENERATED FILE. DO NOT EDIT THIS FILE DIRECTLY.
# yarn lockfile v1


"@civ-clone/base-civilization-american@^0.1.0":
  version "0.1.1"
  resolved "https://registry.yarnpkg.com/@civ-clone/base-civilization-american/-/base-civilization-american-0.1.1.tgz#65e5572a7ae82c5c2106bba4e30c7ff1fc88a067"
  integrity sha512-CCi9HlZtGwvTqRKjfWfFps3akWwTTiVzFDkG6LXB3lKnkdro3kXcKOgNVwt48ipVpklfOsVJ7DxTjNz8d+kI2g==
  dependencies:
    "@civ-clone/core-civilization" "^0.1.0"

"@civ-clone/base-civilization-aztec@^0.1.0":
  version "0.1.1"
  resolved "https://registry.yarnpkg.com/@civ-clone/base-civilization-aztec/-/base-civilization-aztec-0.1.1.tgz#bc6f1f58e9a09834c4cf94412c690bad7f61766d"
  integrity sha512-B820NouUmn7Rq4V0QY45gOVAzf/ohS1/VFKQGfjOqAWyVc0Jtu6CoH1e8+9WiIo+TepuboLZlbJH7W25KWCA+g==
  dependencies:
    "@civ-clone/core-civilization" "^0.1.0"

"@civ-clone/base-civilization-babylonian@^0.1.0":
  version "0.1.1"
  resolved "https://registry.yarnpkg.com/@civ-clone/base-civilization-babylonian/-/base-civilization-babylonian-0.1.1.tgz#2302d89b376774d72bf04c45078c64e2d34d50f8"
  integrity sha512-mjWz7nrbypWVbWYEPw4RezBjFEnSOBWmnqEg8JL1UXVU1EGgkNfnez5hyCIxq5dd6FvHitC9ap8EEbwR4ILMaA==
  dependencies:
    "@civ-clone/core-civilization" "^0.1.0"

"@civ-clone/base-civilization-chinese@^0.1.0":
  version "0.1.1"
  resolved "https://registry.yarnpkg.com/@civ-clone/base-civilization-chinese/-/base-civilization-chinese-0.1.1.tgz#ea62f45b6f685a1f1b49011eb7c37849f336f717"
  integrity sha512-/RNuQzJLBAnTz6vaWCCNtXxXpaVN4c93VANoxna88BfjrYhssAhn9CANyrJS0+4uokCb7O2JDJDKG8QkClt8TQ==
  dependencies:
    "@civ-clone/core-civilization" "^0.1.0"

"@civ-clone/base-civilization-egyptian@^0.1.0":
  version "0.1.1"
  resolved "https://registry.yarnpkg.com/@civ-clone/base-civilization-egyptian/-/base-civilization-egyptian-0.1.1.tgz#31a0f92d4c378609b23fb746296f17120208f103"
  integrity sha512-GuZAcer27xab2HeEWF2JF/o2PCsUguZCH20Sh4mOG/FQ6C/3H1V7OkogdhrcMMUO4jvYe35XXrrUq7fWNfDgnA==
  dependencies:
    "@civ-clone/core-civilization" "^0.1.0"

"@civ-clone/base-civilization-english@^0.1.0":
  version "0.1.1"
  resolved "https://registry.yarnpkg.com/@civ-clone/base-civilization-english/-/base-civilization-english-0.1.1.tgz#f634a56050d22f5f199a7198679a2d71a5c531cb"
  integrity sha512-nZLSsSUKjPHCgty8/unTnT/hKIShmgh9hhvgtNwey5bQ22PDV9zgbXTkj226z0MR1LAV+P3FN4UAgW410U/BVA==
  dependencies:
    "@civ-clone/core-civilization" "^0.1.0"

"@civ-clone/base-civilization-french@^0.1.0":
  version "0.1.1"
  resolved "https://registry.yarnpkg.com/@civ-clone/base-civilization-french/-/base-civilization-french-0.1.1.tgz#6912f0c80b518a662ed483482ba0f4881668b777"
  integrity sha512-qE1QqaPcFkrWckz3wLDlPfqoL4ONlMxGinf4Ndj2QJcAZTuQMCBetyBa2phrfwl83elJhKJCIJctHsTiAEUpDA==
  dependencies:
    "@civ-clone/core-civilization" "^0.1.0"

"@civ-clone/base-civilization-german@^0.1.0":
  version "0.1.1"
  resolved "https://registry.yarnpkg.com/@civ-clone/base-civilization-german/-/base-civilization-german-0.1.1.tgz#47f891eec6dd526a4dee6d0ccf77df62f797bb15"
  integrity sha512-YmnUtWGy9yc1HoQ4Kac1otjPQHPzssquDWfofgfUgS1RzUqCwEw+2Cc1um7A6f7Ps7J2S11/E+3Uu/eKzjP43A==
  dependencies:
    "@civ-clone/core-civilization" "^0.1.0"

"@civ-clone/base-civilization-greek@^0.1.0":
  version "0.1.2"
  resolved "https://registry.yarnpkg.com/@civ-clone/base-civilization-greek/-/base-civilization-greek-0.1.2.tgz#4fbeb02c4a845cc4088ab540c317917c4f1738a9"
  integrity sha512-IwE6+hkCDM4RaaxSfYE4VnKyiG77Rm2BAsYp8RZHatcILcb3IefK7f8hMPXZHjkBJutAhgaRPHepbgSrDv8u8Q==
  dependencies:
    "@civ-clone/core-civilization" "^0.1.0"

"@civ-clone/base-civilization-indian@^0.1.0":
  version "0.1.2"
  resolved "https://registry.yarnpkg.com/@civ-clone/base-civilization-indian/-/base-civilization-indian-0.1.2.tgz#930221d9440fb8de2aeb7ec7b7ab691bf4701f38"
  integrity sha512-LU0iMkO0WYTdfScz4v0yByTvxf92tBjdddkOr9yVPEgWwB9/sGtqPmFk/x6tTG1alf7kU61nkI1rUvEdIUmr9g==
  dependencies:
    "@civ-clone/core-civilization" "^0.1.0"

"@civ-clone/base-civilization-mongol@^0.1.0":
  version "0.1.1"
  resolved "https://registry.yarnpkg.com/@civ-clone/base-civilization-mongol/-/base-civilization-mongol-0.1.1.tgz#e39f51a65c4407d06f6ae8c82365d24a68c06863"
  integrity sha512-gSwGd2Kn1NH77W1cN910u1CgeVLkKjuLUv4UHEBVeyGrnj/QUOiI3EHAZG3k0q2gvtZQx02ZXSeyNh7NqOwdiw==
  dependencies:
    "@civ-clone/core-civilization" "^0.1.0"

"@civ-clone/base-civilization-roman@^0.1.0":
  version "0.1.2"
  resolved "https://registry.yarnpkg.com/@civ-clone/base-civilization-roman/-/base-civilization-roman-0.1.2.tgz#2ed1f569b6df188b4cee4382c85b2873368789e5"
  integrity sha512-u7jYjXPb+54YlwlXxavcKKba6bopIompjXCbd9jRoIfVFbd2qPA6oT23QO+kggPFuv6UVz/uGnGBOC9uHYWGOw==
  dependencies:
    "@civ-clone/core-civilization" "^0.1.0"

"@civ-clone/base-civilization-russian@^0.1.0":
  version "0.1.1"
  resolved "https://registry.yarnpkg.com/@civ-clone/base-civilization-russian/-/base-civilization-russian-0.1.1.tgz#49b2d49e8fe0bb0f18c47e4160b622e4d338929a"
  integrity sha512-ZLyQpQxKCUrBcR3XamQCyQuZy2AKC8NEkpXONH07RoQVfj3Emx9HlJ3BVQW5z8br3X3Vll6u+sti6N7UCGV9fg==
  dependencies:
    "@civ-clone/core-civilization" "^0.1.0"

"@civ-clone/base-civilization-zulu@^0.1.0":
  version "0.1.1"
  resolved "https://registry.yarnpkg.com/@civ-clone/base-civilization-zulu/-/base-civilization-zulu-0.1.1.tgz#47078d49a38c6a2c8472132b3e3db031562ac8cd"
  integrity sha512-tlkMOcdOAe80mUwvgXXo+49Zf3k2y3i3kFpTW4AkuCXnhZcWWjsR6C1FtMCxAn544Uk0WIQPqssxSl1a71skHg==
  dependencies:
    "@civ-clone/core-civilization" "^0.1.0"

"@civ-clone/base-leader-trait-aggression@^0.1.0":
  version "0.1.0"
  resolved "https://registry.yarnpkg.com/@civ-clone/base-leader-trait-aggression/-/base-leader-trait-aggression-0.1.0.tgz#a48acaabc75dcb7bbdd83640b1b96471f8a360a6"
  integrity sha512-r8U/1dTIBCkNUcx3d1FfZweESaYqMoye4L6ESAGMNGXJ4iw9WtPor+kdylRpK/42oQZ5rsv6rgEj+swgGbGSPw==
  dependencies:
    "@civ-clone/core-civilization" "^0.1.0"

"@civ-clone/base-leader-trait-development@^0.1.0":
  version "0.1.0"
  resolved "https://registry.yarnpkg.com/@civ-clone/base-leader-trait-development/-/base-leader-trait-development-0.1.0.tgz#bf36c4c86df0d4a18b0eb6356081299d3946b916"
  integrity sha512-NBbFaSpu9ghfZ8vvzrOUKf/00Z6qwotqwguIcVkcyBvO62QAc9XHrgLduS9W+SGh/Z7dGT2Hq3XE44c3YGrGaQ==
  dependencies:
    "@civ-clone/core-civilization" "^0.1.0"

"@civ-clone/base-leader-trait-militarism@^0.1.0":
  version "0.1.0"
  resolved "https://registry.yarnpkg.com/@civ-clone/base-leader-trait-militarism/-/base-leader-trait-militarism-0.1.0.tgz#da604703c06488c0708e849db6ed8ef0b2541183"
  integrity sha512-CRxv7u+QOAT2MNqiuNnwGZ9QHO0UEUigzhQRCWfBre7CqLfYFP8Aa5QzrRr4HbQNOM4vm0VdXwSYwj+Z4CjAPw==
  dependencies:
    "@civ-clone/core-civilization" "^0.1.0"

"@civ-clone/core-civilization@^0.1.0":
  version "0.1.3"
  resolved "https://registry.yarnpkg.com/@civ-clone/core-civilization/-/core-civilization-0.1.3.tgz#dda74f914e2a7523afba667ab4d7e6a9af30f5b8"
  integrity sha512-G4nwynXc8LobBphSNEshmfDs+94sj6UdMFlpEDvleAG13hMOPC5WtKCPSwpGpxfRaQwGS3lkyuYx5MNF4cA6sw==
  dependencies:
    "@civ-clone/core-data-object" "^0.1.0"
    "@civ-clone/core-registry" "^0.1.0"
    "@civ-clone/core-yield" "^0.1.0"

"@civ-clone/core-data-object@^0.1.0":
  version "0.1.9"
  resolved "https://registry.yarnpkg.com/@civ-clone/core-data-object/-/core-data-object-0.1.9.tgz#1fa9f6973540cd41f16190ead4ea36ec18b2dd89"
  integrity sha512-Oerj84VLp2LGL/M46KUKizDRXRSTG3riM1us32h18N8XEuGIjHOmottE6YLiI7p/60d4NXq3alPLbV4ejpQtEw==
  dependencies:
    "@civ-clone/core-registry" "^0.1.0"

"@civ-clone/core-registry@^0.1.0":
  version "0.1.1"
  resolved "https://registry.yarnpkg.com/@civ-clone/core-registry/-/core-registry-0.1.1.tgz#397fcd926d2809e98638e9d259150ccddd54b2fd"
  integrity sha512-QmeffB0fmNLjIQMAgiZBQugOqWhOzgDpzgKB4KQtdkMrhjKV0jZw2VfM0mbEyqqem4hrSLsbrLkcA9aJh5NMXw==

"@civ-clone/core-yield@^0.1.0":
  version "0.1.4"
  resolved "https://registry.yarnpkg.com/@civ-clone/core-yield/-/core-yield-0.1.4.tgz#eab3aa748e5f18ee80daac21969a0b3f89885d7b"
  integrity sha512-zXUcbQpmutleplRbwRU5O0Z/QAtBdGExpPC5UfoX34XvfkZN68A1O0PQf1xNL+5i4jHyUNldh0+biUnbzI4sWg==
  dependencies:
    "@civ-clone/core-data-object" "^0.1.0"
    "@civ-clone/core-registry" "^0.1.0"

"@types/node@^14.11.2":
  version "14.18.33"
  resolved "https://registry.yarnpkg.com/@types/node/-/node-14.18.33.tgz#8c29a0036771569662e4635790ffa9e057db379b"
  integrity sha512-qelS/Ra6sacc4loe/3MSjXNL1dNQ/GjxNHVzuChwMfmk7HuycRLVQN2qNY3XahK+fZc5E2szqQSKUyAF0E+2bg==

prettier@^2.1.2:
  version "2.7.1"
  resolved "https://registry.yarnpkg.com/prettier/-/prettier-2.7.1.tgz#e235806850d057f97bb08368a4f7d899f7760c64"
  integrity sha512-ujppO+MkdPqoVINuDFDRLClm7D78qbDt0/NR+wp5FqEZOoTNAjPHWj17QRhu7geIHJfcNhRk1XVQmF8Bp3ye+g==

typescript@^4.0.3:
  version "4.8.4"
  resolved "https://registry.yarnpkg.com/typescript/-/typescript-4.8.4.tgz#c464abca159669597be5f96b8943500b238e60e6"
  integrity sha512-QCh+85mCy+h0IGff8r5XWzOVSbBO+KfeYrMQh7NJ58QujwcE22u+NUSmUxqF+un70P9GXKxa2HCNiTTMJknyjQ==
